
Microsoft Visual Studio Solution File, Format Version 12.00
Project("{FAE04EC0-301F-11D3-BF4B-00C04F79EFBC}") = "eShop.WebApi", "eShop.WebApi\eShop.WebApi.csproj", "{91249E2F-25EF-46C9-9A33-EE28858134C4}"
EndProject
Project("{2150E333-8FDC-42A3-9474-1A3956D46DE8}") = "solution-items", "solution-items", "{8F7E7215-32C6-472C-8A89-2F54300924C3}"
	ProjectSection(SolutionItems) = preProject
		.gitignore = .gitignore
	EndProjectSection
EndProject
Global
	GlobalSection(SolutionConfigurationPlatforms) = preSolution
		Debug|Any CPU = Debug|Any CPU
		Release|Any CPU = Release|Any CPU
	EndGlobalSection
	GlobalSection(ProjectConfigurationPlatforms) = postSolution
		{91249E2F-25EF-46C9-9A33-EE28858134C4}.Debug|Any CPU.ActiveCfg = Debug|Any CPU
		{91249E2F-25EF-46C9-9A33-EE28858134C4}.Debug|Any CPU.Build.0 = Debug|Any CPU
		{91249E2F-25EF-46C9-9A33-EE28858134C4}.Release|Any CPU.ActiveCfg = Release|Any CPU
		{91249E2F-25EF-46C9-9A33-EE28858134C4}.Release|Any CPU.Build.0 = Release|Any CPU
	EndGlobalSection
EndGlobal
