
Microsoft Visual Studio Solution File, Format Version 12.00
Project("{2150E333-8FDC-42A3-9474-1A3956D46DE8}") = "solution-items", "solution-items", "{8F7E7215-32C6-472C-8A89-2F54300924C3}"
	ProjectSection(SolutionItems) = preProject
		.gitignore = .gitignore
		README.md = README.md
		otel-collector\otel-collector-config.yml = otel-collector\otel-collector-config.yml
		docker-compose.yml = docker-compose.yml
		grafana-datasources.yml = grafana-datasources.yml
		prometheus.yml = prometheus.yml
	EndProjectSection
EndProject
Project("{2150E333-8FDC-42A3-9474-1A3956D46DE8}") = "src", "src", "{B2790C28-1709-419A-8436-CF0F4AE1E7C5}"
EndProject
Project("{FAE04EC0-301F-11D3-BF4B-00C04F79EFBC}") = "eShop.WebApi", "src\eShop.WebApi\eShop.WebApi.csproj", "{5EAA870E-6FE3-4898-881C-3D74A7A313A3}"
EndProject
Global
	GlobalSection(SolutionConfigurationPlatforms) = preSolution
		Debug|Any CPU = Debug|Any CPU
		Release|Any CPU = Release|Any CPU
	EndGlobalSection
	GlobalSection(ProjectConfigurationPlatforms) = postSolution
		{5EAA870E-6FE3-4898-881C-3D74A7A313A3}.Debug|Any CPU.ActiveCfg = Debug|Any CPU
		{5EAA870E-6FE3-4898-881C-3D74A7A313A3}.Debug|Any CPU.Build.0 = Debug|Any CPU
		{5EAA870E-6FE3-4898-881C-3D74A7A313A3}.Release|Any CPU.ActiveCfg = Release|Any CPU
		{5EAA870E-6FE3-4898-881C-3D74A7A313A3}.Release|Any CPU.Build.0 = Release|Any CPU
	EndGlobalSection
	GlobalSection(NestedProjects) = preSolution
		{5EAA870E-6FE3-4898-881C-3D74A7A313A3} = {B2790C28-1709-419A-8436-CF0F4AE1E7C5}
	EndGlobalSection
EndGlobal
